
Microsoft Visual Studio Solution File, Format Version 12.00
# Visual Studio Version 17
VisualStudioVersion = 17.0.31825.309
MinimumVisualStudioVersion = 10.0.40219.1
Project("{FAE04EC0-301F-11D3-BF4B-00C04F79EFBC}") = "ProjectHestia", "ProjectHestia\ProjectHestia.csproj", "{24E5A049-B7ED-462B-B5D0-A7C8CF19E5D6}"
	ProjectSection(ProjectDependencies) = postProject
		{F5DDAD00-9AB7-4967-97D9-649E225FB9C8} = {F5DDAD00-9AB7-4967-97D9-649E225FB9C8}
		{56FF5934-CDED-4738-8D89-430D4487AEF3} = {56FF5934-CDED-4738-8D89-430D4487AEF3}
		{BBC48E89-E339-4D48-9839-C83D84EFE8E1} = {BBC48E89-E339-4D48-9839-C83D84EFE8E1}
		{3B26BFEA-92F1-47EB-AB61-5A4E4D5BD14B} = {3B26BFEA-92F1-47EB-AB61-5A4E4D5BD14B}
	EndProjectSection
EndProject
Project("{FAE04EC0-301F-11D3-BF4B-00C04F79EFBC}") = "ProjectHestia.Data", "ProjectHestia.Data\ProjectHestia.Data.csproj", "{56FF5934-CDED-4738-8D89-430D4487AEF3}"
EndProject
Project("{FAE04EC0-301F-11D3-BF4B-00C04F79EFBC}") = "ProjectHestia.Components", "ProjectHestia.Components\ProjectHestia.Components.csproj", "{F5DDAD00-9AB7-4967-97D9-649E225FB9C8}"
	ProjectSection(ProjectDependencies) = postProject
		{56FF5934-CDED-4738-8D89-430D4487AEF3} = {56FF5934-CDED-4738-8D89-430D4487AEF3}
	EndProjectSection
EndProject
Project("{FAE04EC0-301F-11D3-BF4B-00C04F79EFBC}") = "ProjectHestia.Droplet", "ProjectHestia.Droplet\ProjectHestia.Droplet.csproj", "{3B26BFEA-92F1-47EB-AB61-5A4E4D5BD14B}"
	ProjectSection(ProjectDependencies) = postProject
		{56FF5934-CDED-4738-8D89-430D4487AEF3} = {56FF5934-CDED-4738-8D89-430D4487AEF3}
	EndProjectSection
EndProject
Project("{FAE04EC0-301F-11D3-BF4B-00C04F79EFBC}") = "ProjectHestia.Discord", "ProjectHestia.Discord\ProjectHestia.Discord.csproj", "{BBC48E89-E339-4D48-9839-C83D84EFE8E1}"
	ProjectSection(ProjectDependencies) = postProject
		{56FF5934-CDED-4738-8D89-430D4487AEF3} = {56FF5934-CDED-4738-8D89-430D4487AEF3}
		{3B26BFEA-92F1-47EB-AB61-5A4E4D5BD14B} = {3B26BFEA-92F1-47EB-AB61-5A4E4D5BD14B}
	EndProjectSection
EndProject
Project("{2150E333-8FDC-42A3-9474-1A3956D46DE8}") = "1. sln", "1. sln", "{BB762131-4029-447A-9903-3FD95880B1E3}"
	ProjectSection(SolutionItems) = preProject
		.dockerignore = .dockerignore
		.gitattributes = .gitattributes
		.gitignore = .gitignore
		Dockerfile = Dockerfile
	EndProjectSection
EndProject
Global
	GlobalSection(SolutionConfigurationPlatforms) = preSolution
		Debug|Any CPU = Debug|Any CPU
		Release|Any CPU = Release|Any CPU
	EndGlobalSection
	GlobalSection(ProjectConfigurationPlatforms) = postSolution
		{24E5A049-B7ED-462B-B5D0-A7C8CF19E5D6}.Debug|Any CPU.ActiveCfg = Debug|Any CPU
		{24E5A049-B7ED-462B-B5D0-A7C8CF19E5D6}.Debug|Any CPU.Build.0 = Debug|Any CPU
		{24E5A049-B7ED-462B-B5D0-A7C8CF19E5D6}.Release|Any CPU.ActiveCfg = Release|Any CPU
		{24E5A049-B7ED-462B-B5D0-A7C8CF19E5D6}.Release|Any CPU.Build.0 = Release|Any CPU
		{56FF5934-CDED-4738-8D89-430D4487AEF3}.Debug|Any CPU.ActiveCfg = Debug|Any CPU
		{56FF5934-CDED-4738-8D89-430D4487AEF3}.Debug|Any CPU.Build.0 = Debug|Any CPU
		{56FF5934-CDED-4738-8D89-430D4487AEF3}.Release|Any CPU.ActiveCfg = Release|Any CPU
		{56FF5934-CDED-4738-8D89-430D4487AEF3}.Release|Any CPU.Build.0 = Release|Any CPU
		{F5DDAD00-9AB7-4967-97D9-649E225FB9C8}.Debug|Any CPU.ActiveCfg = Debug|Any CPU
		{F5DDAD00-9AB7-4967-97D9-649E225FB9C8}.Debug|Any CPU.Build.0 = Debug|Any CPU
		{F5DDAD00-9AB7-4967-97D9-649E225FB9C8}.Release|Any CPU.ActiveCfg = Release|Any CPU
		{F5DDAD00-9AB7-4967-97D9-649E225FB9C8}.Release|Any CPU.Build.0 = Release|Any CPU
		{3B26BFEA-92F1-47EB-AB61-5A4E4D5BD14B}.Debug|Any CPU.ActiveCfg = Debug|Any CPU
		{3B26BFEA-92F1-47EB-AB61-5A4E4D5BD14B}.Debug|Any CPU.Build.0 = Debug|Any CPU
		{3B26BFEA-92F1-47EB-AB61-5A4E4D5BD14B}.Release|Any CPU.ActiveCfg = Release|Any CPU
		{3B26BFEA-92F1-47EB-AB61-5A4E4D5BD14B}.Release|Any CPU.Build.0 = Release|Any CPU
		{BBC48E89-E339-4D48-9839-C83D84EFE8E1}.Debug|Any CPU.ActiveCfg = Debug|Any CPU
		{BBC48E89-E339-4D48-9839-C83D84EFE8E1}.Debug|Any CPU.Build.0 = Debug|Any CPU
		{BBC48E89-E339-4D48-9839-C83D84EFE8E1}.Release|Any CPU.ActiveCfg = Release|Any CPU
		{BBC48E89-E339-4D48-9839-C83D84EFE8E1}.Release|Any CPU.Build.0 = Release|Any CPU
	EndGlobalSection
	GlobalSection(SolutionProperties) = preSolution
		HideSolutionNode = FALSE
	EndGlobalSection
	GlobalSection(ExtensibilityGlobals) = postSolution
		SolutionGuid = {34F213E1-B212-457B-A510-761E29526A18}
	EndGlobalSection
EndGlobal
